
Microsoft Visual Studio Solution File, Format Version 12.00
# Visual Studio Version 17
VisualStudioVersion = 17.0.31903.59
MinimumVisualStudioVersion = 10.0.40219.1
Project("{2150E333-8FDC-42A3-9474-1A3956D46DE8}") = "src", "src", "{55A73E22-9B24-48B7-A178-9CAE40652217}"
EndProject
Project("{F2A71F9B-5D33-465A-A702-920D77279786}") = "EssFS.Chapters", "src\Chapters\EssFS.Chapters.fsproj", "{C258942A-71F5-4562-82CB-7B4C1F66D6A1}"
EndProject
Project("{F2A71F9B-5D33-465A-A702-920D77279786}") = "EssFS.MyProject", "src\MyProject\EssFS.MyProject.fsproj", "{15E5F5DE-AF26-4B93-B84B-27E61ECBD71D}"
EndProject
Project("{2150E333-8FDC-42A3-9474-1A3956D46DE8}") = "tests", "tests", "{8E6E5EA0-F05D-43C2-97E1-23F411928B42}"
EndProject
Project("{F2A71F9B-5D33-465A-A702-920D77279786}") = "EssFS.MyProject.Tests", "tests\MyProject.Tests\EssFS.MyProject.Tests.fsproj", "{A8172008-38E4-48EE-8C47-0468F914CA13}"
EndProject
Global
	GlobalSection(SolutionConfigurationPlatforms) = preSolution
		Debug|Any CPU = Debug|Any CPU
		Release|Any CPU = Release|Any CPU
	EndGlobalSection
	GlobalSection(SolutionProperties) = preSolution
		HideSolutionNode = FALSE
	EndGlobalSection
	GlobalSection(ProjectConfigurationPlatforms) = postSolution
		{C258942A-71F5-4562-82CB-7B4C1F66D6A1}.Debug|Any CPU.ActiveCfg = Debug|Any CPU
		{C258942A-71F5-4562-82CB-7B4C1F66D6A1}.Debug|Any CPU.Build.0 = Debug|Any CPU
		{C258942A-71F5-4562-82CB-7B4C1F66D6A1}.Release|Any CPU.ActiveCfg = Release|Any CPU
		{C258942A-71F5-4562-82CB-7B4C1F66D6A1}.Release|Any CPU.Build.0 = Release|Any CPU
		{15E5F5DE-AF26-4B93-B84B-27E61ECBD71D}.Debug|Any CPU.ActiveCfg = Debug|Any CPU
		{15E5F5DE-AF26-4B93-B84B-27E61ECBD71D}.Debug|Any CPU.Build.0 = Debug|Any CPU
		{15E5F5DE-AF26-4B93-B84B-27E61ECBD71D}.Release|Any CPU.ActiveCfg = Release|Any CPU
		{15E5F5DE-AF26-4B93-B84B-27E61ECBD71D}.Release|Any CPU.Build.0 = Release|Any CPU
		{A8172008-38E4-48EE-8C47-0468F914CA13}.Debug|Any CPU.ActiveCfg = Debug|Any CPU
		{A8172008-38E4-48EE-8C47-0468F914CA13}.Debug|Any CPU.Build.0 = Debug|Any CPU
		{A8172008-38E4-48EE-8C47-0468F914CA13}.Release|Any CPU.ActiveCfg = Release|Any CPU
		{A8172008-38E4-48EE-8C47-0468F914CA13}.Release|Any CPU.Build.0 = Release|Any CPU
	EndGlobalSection
	GlobalSection(NestedProjects) = preSolution
		{C258942A-71F5-4562-82CB-7B4C1F66D6A1} = {55A73E22-9B24-48B7-A178-9CAE40652217}
		{15E5F5DE-AF26-4B93-B84B-27E61ECBD71D} = {55A73E22-9B24-48B7-A178-9CAE40652217}
		{A8172008-38E4-48EE-8C47-0468F914CA13} = {8E6E5EA0-F05D-43C2-97E1-23F411928B42}
	EndGlobalSection
EndGlobal
